# THIS IS AN AUTOGENERATED FILE. DO NOT EDIT THIS FILE DIRECTLY.
# yarn lockfile v1


"@babel/runtime@^7.11.2", "@babel/runtime@^7.12.5":
  version "7.15.4"
  resolved "https://registry.nlark.com/@babel/runtime/download/@babel/runtime-7.15.4.tgz?cache=0&sync_timestamp=1630618785994&other_urls=https%3A%2F%2Fregistry.nlark.com%2F%40babel%2Fruntime%2Fdownload%2F%40babel%2Fruntime-7.15.4.tgz#fd17d16bfdf878e6dd02d19753a39fa8a8d9c84a"
  integrity sha1-/RfRa/34eObdAtGXU6OfqKjZyEo=
  dependencies:
    regenerator-runtime "^0.13.4"

"@solana/buffer-layout@^3.0.0":
  version "3.0.0"
  resolved "https://registry.nlark.com/@solana/buffer-layout/download/@solana/buffer-layout-3.0.0.tgz#b9353caeb9a1589cb77a1b145bcb1a9a93114326"
  integrity sha1-uTU8rrmhWJy3ehsUW8sampMRQyY=
  dependencies:
    buffer "~6.0.3"

"@solana/web3.js@^1.28.0":
  version "1.29.0"
  resolved "https://registry.nlark.com/@solana/web3.js/download/@solana/web3.js-1.29.0.tgz#61cb40e2190f13ae8084d20012cb81f8fade78fa"
  integrity sha1-YctA4hkPE66AhNIAEsuB+PreePo=
  dependencies:
    "@babel/runtime" "^7.12.5"
    "@solana/buffer-layout" "^3.0.0"
    bn.js "^5.0.0"
    borsh "^0.4.0"
    bs58 "^4.0.1"
    buffer "6.0.1"
    cross-fetch "^3.1.4"
    crypto-hash "^1.2.2"
    jayson "^3.4.4"
    js-sha3 "^0.8.0"
    rpc-websockets "^7.4.2"
    secp256k1 "^4.0.2"
    superstruct "^0.14.2"
    tweetnacl "^1.0.0"

"@types/bn.js@^4.11.5":
  version "4.11.6"
  resolved "https://registry.nlark.com/@types/bn.js/download/@types/bn.js-4.11.6.tgz#c306c70d9358aaea33cd4eda092a742b9505967c"
  integrity sha1-wwbHDZNYquozzU7aCSp0K5UFlnw=
  dependencies:
    "@types/node" "*"

"@types/connect@^3.4.33":
  version "3.4.35"
  resolved "https://registry.nlark.com/@types/connect/download/@types/connect-3.4.35.tgz#5fcf6ae445e4021d1fc2219a4873cc73a3bb2ad1"
  integrity sha1-X89q5EXkAh0fwiGaSHPMc6O7KtE=
  dependencies:
    "@types/node" "*"

"@types/express-serve-static-core@^4.17.9":
  version "4.17.24"
  resolved "https://registry.nlark.com/@types/express-serve-static-core/download/@types/express-serve-static-core-4.17.24.tgz#ea41f93bf7e0d59cd5a76665068ed6aab6815c07"
  integrity sha1-6kH5O/fg1ZzVp2ZlBo7WqraBXAc=
  dependencies:
    "@types/node" "*"
    "@types/qs" "*"
    "@types/range-parser" "*"

"@types/lodash@^4.14.159":
  version "4.14.173"
  resolved "https://registry.nlark.com/@types/lodash/download/@types/lodash-4.14.173.tgz#9d3b674c67a26cf673756f6aca7b429f237f91ed"
  integrity sha1-nTtnTGeibPZzdW9qyntCnyN/ke0=

"@types/node@*":
  version "16.9.6"
  resolved "https://registry.nlark.com/@types/node/download/@types/node-16.9.6.tgz?cache=0&sync_timestamp=1632251113916&other_urls=https%3A%2F%2Fregistry.nlark.com%2F%40types%2Fnode%2Fdownload%2F%40types%2Fnode-16.9.6.tgz#040a64d7faf9e5d9e940357125f0963012e66f04"
  integrity sha1-BApk1/r55dnpQDVxJfCWMBLmbwQ=

"@types/node@^12.12.54":
  version "12.20.26"
  resolved "https://registry.nlark.com/@types/node/download/@types/node-12.20.26.tgz?cache=0&sync_timestamp=1632251113916&other_urls=https%3A%2F%2Fregistry.nlark.com%2F%40types%2Fnode%2Fdownload%2F%40types%2Fnode-12.20.26.tgz#a6db0d0577e40844f0b28c2a9289c09e5b44b541"
  integrity sha1-ptsNBXfkCETwsowqkonAnltEtUE=

"@types/qs@*":
  version "6.9.7"
  resolved "https://registry.nlark.com/@types/qs/download/@types/qs-6.9.7.tgz?cache=0&sync_timestamp=1629708766601&other_urls=https%3A%2F%2Fregistry.nlark.com%2F%40types%2Fqs%2Fdownload%2F%40types%2Fqs-6.9.7.tgz#63bb7d067db107cc1e457c303bc25d511febf6cb"
  integrity sha1-Y7t9Bn2xB8weRXwwO8JdUR/r9ss=

"@types/range-parser@*":
  version "1.2.4"
  resolved "https://registry.nlark.com/@types/range-parser/download/@types/range-parser-1.2.4.tgz?cache=0&sync_timestamp=1629708894355&other_urls=https%3A%2F%2Fregistry.nlark.com%2F%40types%2Frange-parser%2Fdownload%2F%40types%2Frange-parser-1.2.4.tgz#cd667bcfdd025213aafb7ca5915a932590acdcdc"
  integrity sha1-zWZ7z90CUhOq+3ylkVqTJZCs3Nw=

"@types/ws@^7.4.4":
  version "7.4.7"
  resolved "https://registry.nlark.com/@types/ws/download/@types/ws-7.4.7.tgz?cache=0&sync_timestamp=1629709963976&other_urls=https%3A%2F%2Fregistry.nlark.com%2F%40types%2Fws%2Fdownload%2F%40types%2Fws-7.4.7.tgz#f7c390a36f7a0679aa69de2d501319f4f8d9b702"
  integrity sha1-98OQo296Bnmqad4tUBMZ9PjZtwI=
  dependencies:
    "@types/node" "*"

JSONStream@^1.3.5:
  version "1.3.5"
  resolved "https://registry.nlark.com/JSONStream/download/JSONStream-1.3.5.tgz#3208c1f08d3a4d99261ab64f92302bc15e111ca0"
  integrity sha1-MgjB8I06TZkmGrZPkjArwV4RHKA=
  dependencies:
    jsonparse "^1.2.0"
    through ">=2.2.7 <3"

base-x@^3.0.2:
  version "3.0.8"
  resolved "https://registry.npm.taobao.org/base-x/download/base-x-3.0.8.tgz#1e1106c2537f0162e8b52474a557ebb09000018d"
  integrity sha1-HhEGwlN/AWLotSR0pVfrsJAAAY0=
  dependencies:
    safe-buffer "^5.0.1"

base64-js@^1.3.1:
  version "1.5.1"
  resolved "https://registry.nlark.com/base64-js/download/base64-js-1.5.1.tgz#1b1b440160a5bf7ad40b650f095963481903930a"
  integrity sha1-GxtEAWClv3rUC2UPCVljSBkDkwo=

bn.js@^4.11.9:
  version "4.12.0"
  resolved "https://registry.nlark.com/bn.js/download/bn.js-4.12.0.tgz#775b3f278efbb9718eec7361f483fb36fbbfea88"
  integrity sha1-d1s/J477uXGO7HNh9IP7Nvu/6og=

bn.js@^5.0.0:
  version "5.2.0"
  resolved "https://registry.nlark.com/bn.js/download/bn.js-5.2.0.tgz#358860674396c6997771a9d051fcc1b57d4ae002"
  integrity sha1-NYhgZ0OWxpl3canQUfzBtX1K4AI=

borsh@^0.4.0:
  version "0.4.0"
  resolved "https://registry.nlark.com/borsh/download/borsh-0.4.0.tgz#9dd6defe741627f1315eac2a73df61421f6ddb9f"
  integrity sha1-ndbe/nQWJ/ExXqwqc99hQh9t258=
  dependencies:
    "@types/bn.js" "^4.11.5"
    bn.js "^5.0.0"
    bs58 "^4.0.0"
    text-encoding-utf-8 "^1.0.2"

brorand@^1.1.0:
  version "1.1.0"
  resolved "https://registry.nlark.com/brorand/download/brorand-1.1.0.tgz#12c25efe40a45e3c323eb8675a0a0ce57b22371f"
  integrity sha1-EsJe/kCkXjwyPrhnWgoM5XsiNx8=

bs58@^4.0.0, bs58@^4.0.1:
  version "4.0.1"
  resolved "https://registry.nlark.com/bs58/download/bs58-4.0.1.tgz#be161e76c354f6f788ae4071f63f34e8c4f0a42a"
  integrity sha1-vhYedsNU9veIrkBx9j806MTwpCo=
  dependencies:
    base-x "^3.0.2"

buffer@6.0.1:
  version "6.0.1"
  resolved "https://registry.nlark.com/buffer/download/buffer-6.0.1.tgz#3cbea8c1463e5a0779e30b66d4c88c6ffa182ac2"
  integrity sha1-PL6owUY+Wgd54wtm1MiMb/oYKsI=
  dependencies:
    base64-js "^1.3.1"
    ieee754 "^1.2.1"

buffer@~6.0.3:
  version "6.0.3"
  resolved "https://registry.nlark.com/buffer/download/buffer-6.0.3.tgz#2ace578459cc8fbe2a70aaa8f52ee63b6a74c6c6"
  integrity sha1-Ks5XhFnMj74qcKqo9S7mO2p0xsY=
  dependencies:
    base64-js "^1.3.1"
    ieee754 "^1.2.1"

bufferutil@^4.0.1:
  version "4.0.3"
  resolved "https://registry.nlark.com/bufferutil/download/bufferutil-4.0.3.tgz#66724b756bed23cd7c28c4d306d7994f9943cc6b"
  integrity sha1-ZnJLdWvtI818KMTTBteZT5lDzGs=
  dependencies:
    node-gyp-build "^4.2.0"

circular-json@^0.5.9:
  version "0.5.9"
  resolved "https://registry.nlark.com/circular-json/download/circular-json-0.5.9.tgz#932763ae88f4f7dead7a0d09c8a51a4743a53b1d"
  integrity sha1-kydjroj0996teg0JyKUaR0OlOx0=

commander@^2.20.3:
  version "2.20.3"
  resolved "https://registry.nlark.com/commander/download/commander-2.20.3.tgz#fd485e84c03eb4881c20722ba48035e8531aeb33"
  integrity sha1-/UhehMA+tIgcIHIrpIA16FMa6zM=

cross-fetch@^3.1.4:
  version "3.1.4"
  resolved "https://registry.nlark.com/cross-fetch/download/cross-fetch-3.1.4.tgz#9723f3a3a247bf8b89039f3a380a9244e8fa2f39"
  integrity sha1-lyPzo6JHv4uJA586OAqSROj6Lzk=
  dependencies:
    node-fetch "2.6.1"

crypto-hash@^1.2.2:
  version "1.3.0"
  resolved "https://registry.nlark.com/crypto-hash/download/crypto-hash-1.3.0.tgz#b402cb08f4529e9f4f09346c3e275942f845e247"
  integrity sha1-tALLCPRSnp9PCTRsPidZQvhF4kc=

delay@^5.0.0:
  version "5.0.0"
  resolved "https://registry.npm.taobao.org/delay/download/delay-5.0.0.tgz#137045ef1b96e5071060dd5be60bf9334436bd1d"
  integrity sha1-E3BF7xuW5QcQYN1b5gv5M0Q2vR0=

elliptic@^6.5.2:
  version "6.5.4"
  resolved "https://registry.nlark.com/elliptic/download/elliptic-6.5.4.tgz#da37cebd31e79a1367e941b592ed1fbebd58abbb"
  integrity sha1-2jfOvTHnmhNn6UG1ku0fvr1Yq7s=
  dependencies:
    bn.js "^4.11.9"
    brorand "^1.1.0"
    hash.js "^1.0.0"
    hmac-drbg "^1.0.1"
    inherits "^2.0.4"
    minimalistic-assert "^1.0.1"
    minimalistic-crypto-utils "^1.0.1"

es6-promise@^4.0.3:
  version "4.2.8"
  resolved "https://registry.nlark.com/es6-promise/download/es6-promise-4.2.8.tgz#4eb21594c972bc40553d276e510539143db53e0a"
  integrity sha1-TrIVlMlyvEBVPSduUQU5FD21Pgo=

es6-promisify@^5.0.0:
  version "5.0.0"
  resolved "https://registry.nlark.com/es6-promisify/download/es6-promisify-5.0.0.tgz#5109d62f3e56ea967c4b63505aef08291c8a5203"
  integrity sha1-UQnWLz5W6pZ8S2NQWu8IKRyKUgM=
  dependencies:
    es6-promise "^4.0.3"

eventemitter3@^4.0.7:
  version "4.0.7"
  resolved "https://registry.npm.taobao.org/eventemitter3/download/eventemitter3-4.0.7.tgz#2de9b68f6528d5644ef5c59526a1b4a07306169f"
  integrity sha1-Lem2j2Uo1WRO9cWVJqG0oHMGFp8=

eyes@^0.1.8:
  version "0.1.8"
  resolved "https://registry.npm.taobao.org/eyes/download/eyes-0.1.8.tgz#62cf120234c683785d902348a800ef3e0cc20bc0"
  integrity sha1-Ys8SAjTGg3hdkCNIqADvPgzCC8A=

hash.js@^1.0.0, hash.js@^1.0.3:
  version "1.1.7"
  resolved "https://registry.npm.taobao.org/hash.js/download/hash.js-1.1.7.tgz#0babca538e8d4ee4a0f8988d68866537a003cf42"
  integrity sha1-C6vKU46NTuSg+JiNaIZlN6ADz0I=
  dependencies:
    inherits "^2.0.3"
    minimalistic-assert "^1.0.1"

hmac-drbg@^1.0.1:
  version "1.0.1"
  resolved "https://registry.nlark.com/hmac-drbg/download/hmac-drbg-1.0.1.tgz#d2745701025a6c775a6c545793ed502fc0c649a1"
  integrity sha1-0nRXAQJabHdabFRXk+1QL8DGSaE=
  dependencies:
    hash.js "^1.0.3"
    minimalistic-assert "^1.0.0"
    minimalistic-crypto-utils "^1.0.1"

ieee754@^1.2.1:
  version "1.2.1"
  resolved "https://registry.nlark.com/ieee754/download/ieee754-1.2.1.tgz#8eb7a10a63fff25d15a57b001586d177d1b0d352"
  integrity sha1-jrehCmP/8l0VpXsAFYbRd9Gw01I=

inherits@^2.0.3, inherits@^2.0.4:
  version "2.0.4"
  resolved "https://registry.npm.taobao.org/inherits/download/inherits-2.0.4.tgz#0fa2c64f932917c3433a0ded55363aae37416b7c"
  integrity sha1-D6LGT5MpF8NDOg3tVTY6rjdBa3w=

isomorphic-ws@^4.0.1:
  version "4.0.1"
  resolved "https://registry.npm.taobao.org/isomorphic-ws/download/isomorphic-ws-4.0.1.tgz#55fd4cd6c5e6491e76dc125938dd863f5cd4f2dc"
  integrity sha1-Vf1M1sXmSR523BJZON2GP1zU8tw=

jayson@^3.4.4:
  version "3.6.4"
  resolved "https://registry.nlark.com/jayson/download/jayson-3.6.4.tgz#9e9d1ba2a75d811f254bceff61a096772fa04832"
  integrity sha1-np0boqddgR8lS87/YaCWdy+gSDI=
  dependencies:
    "@types/connect" "^3.4.33"
    "@types/express-serve-static-core" "^4.17.9"
    "@types/lodash" "^4.14.159"
    "@types/node" "^12.12.54"
    "@types/ws" "^7.4.4"
    JSONStream "^1.3.5"
    commander "^2.20.3"
    delay "^5.0.0"
    es6-promisify "^5.0.0"
    eyes "^0.1.8"
    isomorphic-ws "^4.0.1"
    json-stringify-safe "^5.0.1"
    lodash "^4.17.20"
    uuid "^3.4.0"
    ws "^7.4.5"

js-sha3@^0.8.0:
  version "0.8.0"
  resolved "https://registry.npm.taobao.org/js-sha3/download/js-sha3-0.8.0.tgz#b9b7a5da73afad7dedd0f8c463954cbde6818840"
  integrity sha1-ubel2nOvrX3t0PjEY5VMveaBiEA=

json-stringify-safe@^5.0.1:
  version "5.0.1"
  resolved "https://registry.nlark.com/json-stringify-safe/download/json-stringify-safe-5.0.1.tgz#1296a2d58fd45f19a0f6ce01d65701e2c735b6eb"
  integrity sha1-Epai1Y/UXxmg9s4B1lcB4sc1tus=

jsonparse@^1.2.0:
  version "1.3.1"
  resolved "https://registry.nlark.com/jsonparse/download/jsonparse-1.3.1.tgz#3f4dae4a91fac315f71062f8521cc239f1366280"
  integrity sha1-P02uSpH6wxX3EGL4UhzCOfE2YoA=

lodash@^4.17.20:
  version "4.17.21"
  resolved "https://registry.npm.taobao.org/lodash/download/lodash-4.17.21.tgz#679591c564c3bffaae8454cf0b3df370c3d6911c"
  integrity sha1-Z5WRxWTDv/quhFTPCz3zcMPWkRw=

minimalistic-assert@^1.0.0, minimalistic-assert@^1.0.1:
  version "1.0.1"
  resolved "https://registry.nlark.com/minimalistic-assert/download/minimalistic-assert-1.0.1.tgz#2e194de044626d4a10e7f7fbc00ce73e83e4d5c7"
  integrity sha1-LhlN4ERibUoQ5/f7wAznPoPk1cc=

minimalistic-crypto-utils@^1.0.1:
  version "1.0.1"
  resolved "https://registry.npm.taobao.org/minimalistic-crypto-utils/download/minimalistic-crypto-utils-1.0.1.tgz#f6c00c1c0b082246e5c4d99dfb8c7c083b2b582a"
  integrity sha1-9sAMHAsIIkblxNmd+4x8CDsrWCo=

node-addon-api@^2.0.0:
  version "2.0.2"
  resolved "https://registry.nlark.com/node-addon-api/download/node-addon-api-2.0.2.tgz#432cfa82962ce494b132e9d72a15b29f71ff5d32"
  integrity sha1-Qyz6gpYs5JSxMunXKhWyn3H/XTI=

node-fetch@2.6.1:
  version "2.6.1"
  resolved "https://registry.nlark.com/node-fetch/download/node-fetch-2.6.1.tgz?cache=0&sync_timestamp=1632236745190&other_urls=https%3A%2F%2Fregistry.nlark.com%2Fnode-fetch%2Fdownload%2Fnode-fetch-2.6.1.tgz#045bd323631f76ed2e2b55573394416b639a0052"
  integrity sha1-BFvTI2Mfdu0uK1VXM5RBa2OaAFI=

node-gyp-build@^4.2.0:
  version "4.3.0"
  resolved "https://registry.nlark.com/node-gyp-build/download/node-gyp-build-4.3.0.tgz?cache=0&sync_timestamp=1631436711963&other_urls=https%3A%2F%2Fregistry.nlark.com%2Fnode-gyp-build%2Fdownload%2Fnode-gyp-build-4.3.0.tgz#9f256b03e5826150be39c764bf51e993946d71a3"
  integrity sha1-nyVrA+WCYVC+Ocdkv1Hpk5RtcaM=

regenerator-runtime@^0.13.4:
  version "0.13.9"
  resolved "https://registry.nlark.com/regenerator-runtime/download/regenerator-runtime-0.13.9.tgz#8925742a98ffd90814988d7566ad30ca3b263b52"
  integrity sha1-iSV0Kpj/2QgUmI11Zq0wyjsmO1I=

rpc-websockets@^7.4.2:
  version "7.4.14"
  resolved "https://registry.nlark.com/rpc-websockets/download/rpc-websockets-7.4.14.tgz#d1774ce4d4c231dea6ed448d2bc224587b9561a5"
  integrity sha1-0XdM5NTCMd6m7USNK8IkWHuVYaU=
  dependencies:
    "@babel/runtime" "^7.11.2"
    circular-json "^0.5.9"
    eventemitter3 "^4.0.7"
    uuid "^8.3.0"
    ws "^7.4.5"
  optionalDependencies:
    bufferutil "^4.0.1"
    utf-8-validate "^5.0.2"

safe-buffer@^5.0.1:
  version "5.2.1"
  resolved "https://registry.nlark.com/safe-buffer/download/safe-buffer-5.2.1.tgz?cache=0&sync_timestamp=1618847044058&other_urls=https%3A%2F%2Fregistry.nlark.com%2Fsafe-buffer%2Fdownload%2Fsafe-buffer-5.2.1.tgz#1eaf9fa9bdb1fdd4ec75f58f9cdb4e6b7827eec6"
  integrity sha1-Hq+fqb2x/dTsdfWPnNtOa3gn7sY=

secp256k1@^4.0.2:
  version "4.0.2"
  resolved "https://registry.npm.taobao.org/secp256k1/download/secp256k1-4.0.2.tgz#15dd57d0f0b9fdb54ac1fa1694f40e5e9a54f4a1"
  integrity sha1-Fd1X0PC5/bVKwfoWlPQOXppU9KE=
  dependencies:
    elliptic "^6.5.2"
    node-addon-api "^2.0.0"
    node-gyp-build "^4.2.0"

superstruct@^0.14.2:
  version "0.14.2"
  resolved "https://registry.nlark.com/superstruct/download/superstruct-0.14.2.tgz#0dbcdf3d83676588828f1cf5ed35cda02f59025b"
  integrity sha1-DbzfPYNnZYiCjxz17TXNoC9ZAls=

text-encoding-utf-8@^1.0.2:
  version "1.0.2"
  resolved "https://registry.nlark.com/text-encoding-utf-8/download/text-encoding-utf-8-1.0.2.tgz#585b62197b0ae437e3c7b5d0af27ac1021e10d13"
  integrity sha1-WFtiGXsK5Dfjx7XQryesECHhDRM=

"through@>=2.2.7 <3":
  version "2.3.8"
  resolved "https://registry.nlark.com/through/download/through-2.3.8.tgz#0dd4c9ffaabc357960b1b724115d7e0e86a2e1f5"
  integrity sha1-DdTJ/6q8NXlgsbckEV1+Doai4fU=

tweetnacl@^1.0.0:
  version "1.0.3"
  resolved "https://registry.nlark.com/tweetnacl/download/tweetnacl-1.0.3.tgz?cache=0&sync_timestamp=1624607953624&other_urls=https%3A%2F%2Fregistry.nlark.com%2Ftweetnacl%2Fdownload%2Ftweetnacl-1.0.3.tgz#ac0af71680458d8a6378d0d0d050ab1407d35596"
  integrity sha1-rAr3FoBFjYpjeNDQ0FCrFAfTVZY=

utf-8-validate@^5.0.2:
  version "5.0.5"
  resolved "https://registry.nlark.com/utf-8-validate/download/utf-8-validate-5.0.5.tgz#dd32c2e82c72002dc9f02eb67ba6761f43456ca1"
  integrity sha1-3TLC6CxyAC3J8C62e6Z2H0NFbKE=
  dependencies:
    node-gyp-build "^4.2.0"

uuid@^3.4.0:
  version "3.4.0"
  resolved "https://registry.nlark.com/uuid/download/uuid-3.4.0.tgz#b23e4358afa8a202fe7a100af1f5f883f02007ee"
  integrity sha1-sj5DWK+oogL+ehAK8fX4g/AgB+4=

uuid@^8.3.0:
  version "8.3.2"
  resolved "https://registry.nlark.com/uuid/download/uuid-8.3.2.tgz#80d5b5ced271bb9af6c445f21a1a04c606cefbe2"
  integrity sha1-gNW1ztJxu5r2xEXyGhoExgbO++I=

ws@^7.4.5:
  version "7.5.5"
  resolved "https://registry.nlark.com/ws/download/ws-7.5.5.tgz#8b4bc4af518cfabd0473ae4f99144287b33eb881"
  integrity sha1-i0vEr1GM+r0Ec65PmRRCh7M+uIE=
